// !$*UTF8*$!
{
	archiveVersion = 1;
	classes = {
	};
	objectVersion = 46;
	objects = {

/* Begin PBXBuildFile section */
		183246831C0AEE570002A61A /* CreateGroupController.m in Sources */ = {isa = PBXBuildFile; fileRef = 183246821C0AEE570002A61A /* CreateGroupController.m */; };
		183246861C0AEF0C0002A61A /* JoinGroupController.m in Sources */ = {isa = PBXBuildFile; fileRef = 183246851C0AEF0C0002A61A /* JoinGroupController.m */; };
		1832468C1C0AF4C00002A61A /* AddGroupMemberController.m in Sources */ = {isa = PBXBuildFile; fileRef = 1832468B1C0AF4C00002A61A /* AddGroupMemberController.m */; };
		1832468F1C0B59370002A61A /* DeadlineView.m in Sources */ = {isa = PBXBuildFile; fileRef = 1832468E1C0B59370002A61A /* DeadlineView.m */; };
		18386BAA1C0849AC00F44092 /* MainTabBarController.m in Sources */ = {isa = PBXBuildFile; fileRef = 18386BA91C0849AC00F44092 /* MainTabBarController.m */; };
		18386BAD1C08B3A000F44092 /* LoginViewController.m in Sources */ = {isa = PBXBuildFile; fileRef = 18386BAC1C08B3A000F44092 /* LoginViewController.m */; };
		18386BB01C08BC4400F44092 /* Configuration.m in Sources */ = {isa = PBXBuildFile; fileRef = 18386BAF1C08BC4400F44092 /* Configuration.m */; };
		18386BB31C08C83F00F44092 /* Information.m in Sources */ = {isa = PBXBuildFile; fileRef = 18386BB21C08C83F00F44092 /* Information.m */; };
		185C51E41C09F3B70034A88A /* AddCourseController.m in Sources */ = {isa = PBXBuildFile; fileRef = 185C51E31C09F3B70034A88A /* AddCourseController.m */; };
		185C51E71C09FCE30034A88A /* EditCourseController.m in Sources */ = {isa = PBXBuildFile; fileRef = 185C51E61C09FCE30034A88A /* EditCourseController.m */; };
		185C51EA1C0A00110034A88A /* AddProjectController.m in Sources */ = {isa = PBXBuildFile; fileRef = 185C51E91C0A00110034A88A /* AddProjectController.m */; };
		185C51ED1C0A00270034A88A /* EditProjectController.m in Sources */ = {isa = PBXBuildFile; fileRef = 185C51EC1C0A00270034A88A /* EditProjectController.m */; };
		189138931C10A6FB003B347A /* Group.m in Sources */ = {isa = PBXBuildFile; fileRef = 189138921C10A6FB003B347A /* Group.m */; };
		189138961C111890003B347A /* Person.m in Sources */ = {isa = PBXBuildFile; fileRef = 189138951C111890003B347A /* Person.m */; };
		189D2E3E1C05A105002A15D5 /* main.m in Sources */ = {isa = PBXBuildFile; fileRef = 189D2E3D1C05A105002A15D5 /* main.m */; };
		189D2E411C05A105002A15D5 /* AppDelegate.m in Sources */ = {isa = PBXBuildFile; fileRef = 189D2E401C05A105002A15D5 /* AppDelegate.m */; };
		189D2E4C1C05A105002A15D5 /* LaunchScreen.storyboard in Resources */ = {isa = PBXBuildFile; fileRef = 189D2E4A1C05A105002A15D5 /* LaunchScreen.storyboard */; };
		189D2E5B1C05A171002A15D5 /* DoneViewController.m in Sources */ = {isa = PBXBuildFile; fileRef = 189D2E541C05A171002A15D5 /* DoneViewController.m */; };
		189D2E5E1C05A171002A15D5 /* UndoneViewController.m in Sources */ = {isa = PBXBuildFile; fileRef = 189D2E5A1C05A171002A15D5 /* UndoneViewController.m */; };
		189D2EAC1C05B42E002A15D5 /* CourseAndProjectTableViewController.m in Sources */ = {isa = PBXBuildFile; fileRef = 189D2EA31C05B42E002A15D5 /* CourseAndProjectTableViewController.m */; };
		189D2EAD1C05B42E002A15D5 /* CourseTableViewController.m in Sources */ = {isa = PBXBuildFile; fileRef = 189D2EA51C05B42E002A15D5 /* CourseTableViewController.m */; };
		189D2EAE1C05B42E002A15D5 /* MeTableViewController.m in Sources */ = {isa = PBXBuildFile; fileRef = 189D2EA71C05B42E002A15D5 /* MeTableViewController.m */; };
		189D2EAF1C05B42E002A15D5 /* ProjectTableViewController.m in Sources */ = {isa = PBXBuildFile; fileRef = 189D2EA91C05B42E002A15D5 /* ProjectTableViewController.m */; };
		189D2EB41C07000A002A15D5 /* CourseAndProject.m in Sources */ = {isa = PBXBuildFile; fileRef = 189D2EB31C07000A002A15D5 /* CourseAndProject.m */; };
		189D2EB71C07001C002A15D5 /* Course.m in Sources */ = {isa = PBXBuildFile; fileRef = 189D2EB61C07001C002A15D5 /* Course.m */; };
		189D2EBA1C070029002A15D5 /* Project.m in Sources */ = {isa = PBXBuildFile; fileRef = 189D2EB91C070029002A15D5 /* Project.m */; };
		189D2EBF1C072707002A15D5 /* Assets.xcassets in Resources */ = {isa = PBXBuildFile; fileRef = 189D2EBE1C072707002A15D5 /* Assets.xcassets */; };
		189D2EC21C076356002A15D5 /* GroupDetailTableViewController.m in Sources */ = {isa = PBXBuildFile; fileRef = 189D2EC11C076356002A15D5 /* GroupDetailTableViewController.m */; };
		189D2EC51C076370002A15D5 /* GroupTableViewController.m in Sources */ = {isa = PBXBuildFile; fileRef = 189D2EC41C076370002A15D5 /* GroupTableViewController.m */; };
		189D2EC81C076F80002A15D5 /* CourseDetailTableViewController.m in Sources */ = {isa = PBXBuildFile; fileRef = 189D2EC71C076F80002A15D5 /* CourseDetailTableViewController.m */; };
		189D2ECB1C0772C1002A15D5 /* ProjectDetailTableViewController.m in Sources */ = {isa = PBXBuildFile; fileRef = 189D2ECA1C0772C1002A15D5 /* ProjectDetailTableViewController.m */; };
		189D2ECE1C07FDD8002A15D5 /* CourseAndProjectDetailTableViewController.m in Sources */ = {isa = PBXBuildFile; fileRef = 189D2ECD1C07FDD8002A15D5 /* CourseAndProjectDetailTableViewController.m */; };
		18A4DA0A1C0C3944001CD648 /* AxisView.m in Sources */ = {isa = PBXBuildFile; fileRef = 18A4DA091C0C3944001CD648 /* AxisView.m */; };
		18A4DA0D1C0C434D001CD648 /* CreateDeadlineController.m in Sources */ = {isa = PBXBuildFile; fileRef = 18A4DA0C1C0C434D001CD648 /* CreateDeadlineController.m */; };
		18A4DA101C0C45A5001CD648 /* CreateCourseDeadlineController.m in Sources */ = {isa = PBXBuildFile; fileRef = 18A4DA0F1C0C45A5001CD648 /* CreateCourseDeadlineController.m */; };
		18A4DA131C0CB1B8001CD648 /* PointView.m in Sources */ = {isa = PBXBuildFile; fileRef = 18A4DA121C0CB1B8001CD648 /* PointView.m */; };
		18A4DA161C0CB645001CD648 /* Circle.m in Sources */ = {isa = PBXBuildFile; fileRef = 18A4DA151C0CB645001CD648 /* Circle.m */; };
		18A4DA191C0CE1D9001CD648 /* DeadlineDetailController.m in Sources */ = {isa = PBXBuildFile; fileRef = 18A4DA181C0CE1D9001CD648 /* DeadlineDetailController.m */; };
		18BAB9DF1C0CE79900B41D61 /* CreateProjectDeadlineController.m in Sources */ = {isa = PBXBuildFile; fileRef = 18BAB9DE1C0CE79900B41D61 /* CreateProjectDeadlineController.m */; };
		18BAB9E21C0CE8A500B41D61 /* DeadlineController.m in Sources */ = {isa = PBXBuildFile; fileRef = 18BAB9E11C0CE8A500B41D61 /* DeadlineController.m */; };
		18BAB9E51C0CEDC800B41D61 /* DeadlineModificationController.m in Sources */ = {isa = PBXBuildFile; fileRef = 18BAB9E41C0CEDC800B41D61 /* DeadlineModificationController.m */; };
		18BAB9E81C0CF00C00B41D61 /* EditDeadlineController.m in Sources */ = {isa = PBXBuildFile; fileRef = 18BAB9E71C0CF00C00B41D61 /* EditDeadlineController.m */; };
		18BAB9F11C0CF20B00B41D61 /* SearchDeadlineController.m in Sources */ = {isa = PBXBuildFile; fileRef = 18BAB9F01C0CF20B00B41D61 /* SearchDeadlineController.m */; };
		18BAB9F41C0CFCAF00B41D61 /* LineView.m in Sources */ = {isa = PBXBuildFile; fileRef = 18BAB9F31C0CFCAF00B41D61 /* LineView.m */; };
		18BAB9F71C0D792E00B41D61 /* DeadlineModel.m in Sources */ = {isa = PBXBuildFile; fileRef = 18BAB9F61C0D792E00B41D61 /* DeadlineModel.m */; };
		18BAB9FC1C0D796600B41D61 /* Deadline.m in Sources */ = {isa = PBXBuildFile; fileRef = 18BAB9FB1C0D796600B41D61 /* Deadline.m */; };
		A5DF2BC994E337394C755CE3 /* libPods.a in Frameworks */ = {isa = PBXBuildFile; fileRef = 0614B55CD2387BAFD9CC2075 /* libPods.a */; };
		C38C68441CBDFFA300932369 /* FilterViewController.m in Sources */ = {isa = PBXBuildFile; fileRef = C38C68431CBDFFA300932369 /* FilterViewController.m */; settings = {ASSET_TAGS = (); }; };
		C3BDDE8E1CBE3A4600470886 /* DeadlineModificationController2.m in Sources */ = {isa = PBXBuildFile; fileRef = C3BDDE8D1CBE3A4600470886 /* DeadlineModificationController2.m */; settings = {ASSET_TAGS = (); }; };
		C3BDDE911CC1BCFB00470886 /* DeleteDeadlineViewController.m in Sources */ = {isa = PBXBuildFile; fileRef = C3BDDE901CC1BCFB00470886 /* DeleteDeadlineViewController.m */; settings = {ASSET_TAGS = (); }; };
		C3BDDE971CC6209700470886 /* CourseProjectModificationViewController.m in Sources */ = {isa = PBXBuildFile; fileRef = C3BDDE961CC6209700470886 /* CourseProjectModificationViewController.m */; settings = {ASSET_TAGS = (); }; };
		C3BDDE9A1CC6253800470886 /* SettingViewController.m in Sources */ = {isa = PBXBuildFile; fileRef = C3BDDE991CC6253800470886 /* SettingViewController.m */; settings = {ASSET_TAGS = (); }; };
		C3BDDE9E1CC7290600470886 /* DeadlineCell.m in Sources */ = {isa = PBXBuildFile; fileRef = C3BDDE9D1CC7290600470886 /* DeadlineCell.m */; settings = {ASSET_TAGS = (); }; };
		C3BDDEA11CC7298900470886 /* IntroCell.m in Sources */ = {isa = PBXBuildFile; fileRef = C3BDDEA01CC7298900470886 /* IntroCell.m */; settings = {ASSET_TAGS = (); }; };
		C3BDDEA41CC730DE00470886 /* ImageDetailViewController.m in Sources */ = {isa = PBXBuildFile; fileRef = C3BDDEA31CC730DE00470886 /* ImageDetailViewController.m */; settings = {ASSET_TAGS = (); }; };
		C3BDDEAD1CC7540600470886 /* DeadlineListViewController.m in Sources */ = {isa = PBXBuildFile; fileRef = C3BDDEAC1CC7540600470886 /* DeadlineListViewController.m */; settings = {ASSET_TAGS = (); }; };
		C3BDDEB01CC75A2500470886 /* UserDetailViewController.m in Sources */ = {isa = PBXBuildFile; fileRef = C3BDDEAF1CC75A2500470886 /* UserDetailViewController.m */; settings = {ASSET_TAGS = (); }; };
/* End PBXBuildFile section */

/* Begin PBXFileReference section */
		0614B55CD2387BAFD9CC2075 /* libPods.a */ = {isa = PBXFileReference; explicitFileType = archive.ar; includeInIndex = 0; path = libPods.a; sourceTree = BUILT_PRODUCTS_DIR; };
		183246811C0AEE570002A61A /* CreateGroupController.h */ = {isa = PBXFileReference; fileEncoding = 4; lastKnownFileType = sourcecode.c.h; name = CreateGroupController.h; path = Group/CreateGroupController.h; sourceTree = "<group>"; };
		183246821C0AEE570002A61A /* CreateGroupController.m */ = {isa = PBXFileReference; fileEncoding = 4; lastKnownFileType = sourcecode.c.objc; name = CreateGroupController.m; path = Group/CreateGroupController.m; sourceTree = "<group>"; };
		183246841C0AEF0C0002A61A /* JoinGroupController.h */ = {isa = PBXFileReference; fileEncoding = 4; lastKnownFileType = sourcecode.c.h; name = JoinGroupController.h; path = Group/JoinGroupController.h; sourceTree = "<group>"; };
		183246851C0AEF0C0002A61A /* JoinGroupController.m */ = {isa = PBXFileReference; fileEncoding = 4; lastKnownFileType = sourcecode.c.objc; name = JoinGroupController.m; path = Group/JoinGroupController.m; sourceTree = "<group>"; };
		1832468A1C0AF4C00002A61A /* AddGroupMemberController.h */ = {isa = PBXFileReference; fileEncoding = 4; lastKnownFileType = sourcecode.c.h; name = AddGroupMemberController.h; path = Group/AddGroupMemberController.h; sourceTree = "<group>"; };
		1832468B1C0AF4C00002A61A /* AddGroupMemberController.m */ = {isa = PBXFileReference; fileEncoding = 4; lastKnownFileType = sourcecode.c.objc; name = AddGroupMemberController.m; path = Group/AddGroupMemberController.m; sourceTree = "<group>"; };
		1832468D1C0B59370002A61A /* DeadlineView.h */ = {isa = PBXFileReference; fileEncoding = 4; lastKnownFileType = sourcecode.c.h; path = DeadlineView.h; sourceTree = "<group>"; };
		1832468E1C0B59370002A61A /* DeadlineView.m */ = {isa = PBXFileReference; fileEncoding = 4; lastKnownFileType = sourcecode.c.objc; path = DeadlineView.m; sourceTree = "<group>"; };
		18386BA81C0849AC00F44092 /* MainTabBarController.h */ = {isa = PBXFileReference; fileEncoding = 4; lastKnownFileType = sourcecode.c.h; path = MainTabBarController.h; sourceTree = "<group>"; };
		18386BA91C0849AC00F44092 /* MainTabBarController.m */ = {isa = PBXFileReference; fileEncoding = 4; lastKnownFileType = sourcecode.c.objc; path = MainTabBarController.m; sourceTree = "<group>"; };
		18386BAB1C08B3A000F44092 /* LoginViewController.h */ = {isa = PBXFileReference; fileEncoding = 4; lastKnownFileType = sourcecode.c.h; path = LoginViewController.h; sourceTree = "<group>"; };
		18386BAC1C08B3A000F44092 /* LoginViewController.m */ = {isa = PBXFileReference; fileEncoding = 4; lastKnownFileType = sourcecode.c.objc; path = LoginViewController.m; sourceTree = "<group>"; };
		18386BAE1C08BC4400F44092 /* Configuration.h */ = {isa = PBXFileReference; fileEncoding = 4; lastKnownFileType = sourcecode.c.h; name = Configuration.h; path = Util/Configuration.h; sourceTree = "<group>"; };
		18386BAF1C08BC4400F44092 /* Configuration.m */ = {isa = PBXFileReference; fileEncoding = 4; lastKnownFileType = sourcecode.c.objc; name = Configuration.m; path = Util/Configuration.m; sourceTree = "<group>"; };
		18386BB11C08C83F00F44092 /* Information.h */ = {isa = PBXFileReference; fileEncoding = 4; lastKnownFileType = sourcecode.c.h; name = Information.h; path = Util/Information.h; sourceTree = "<group>"; };
		18386BB21C08C83F00F44092 /* Information.m */ = {isa = PBXFileReference; fileEncoding = 4; lastKnownFileType = sourcecode.c.objc; name = Information.m; path = Util/Information.m; sourceTree = "<group>"; };
		185C51E21C09F3B70034A88A /* AddCourseController.h */ = {isa = PBXFileReference; fileEncoding = 4; lastKnownFileType = sourcecode.c.h; name = AddCourseController.h; path = Me/CourseAndProjectModification/AddCourseController.h; sourceTree = "<group>"; };
		185C51E31C09F3B70034A88A /* AddCourseController.m */ = {isa = PBXFileReference; fileEncoding = 4; lastKnownFileType = sourcecode.c.objc; name = AddCourseController.m; path = Me/CourseAndProjectModification/AddCourseController.m; sourceTree = "<group>"; };
		185C51E51C09FCE30034A88A /* EditCourseController.h */ = {isa = PBXFileReference; fileEncoding = 4; lastKnownFileType = sourcecode.c.h; name = EditCourseController.h; path = Me/CourseAndProjectModification/EditCourseController.h; sourceTree = "<group>"; };
		185C51E61C09FCE30034A88A /* EditCourseController.m */ = {isa = PBXFileReference; fileEncoding = 4; lastKnownFileType = sourcecode.c.objc; name = EditCourseController.m; path = Me/CourseAndProjectModification/EditCourseController.m; sourceTree = "<group>"; };
		185C51E81C0A00110034A88A /* AddProjectController.h */ = {isa = PBXFileReference; fileEncoding = 4; lastKnownFileType = sourcecode.c.h; name = AddProjectController.h; path = Me/CourseAndProjectModification/AddProjectController.h; sourceTree = "<group>"; };
		185C51E91C0A00110034A88A /* AddProjectController.m */ = {isa = PBXFileReference; fileEncoding = 4; lastKnownFileType = sourcecode.c.objc; name = AddProjectController.m; path = Me/CourseAndProjectModification/AddProjectController.m; sourceTree = "<group>"; };
		185C51EB1C0A00270034A88A /* EditProjectController.h */ = {isa = PBXFileReference; fileEncoding = 4; lastKnownFileType = sourcecode.c.h; name = EditProjectController.h; path = Me/CourseAndProjectModification/EditProjectController.h; sourceTree = "<group>"; };
		185C51EC1C0A00270034A88A /* EditProjectController.m */ = {isa = PBXFileReference; fileEncoding = 4; lastKnownFileType = sourcecode.c.objc; name = EditProjectController.m; path = Me/CourseAndProjectModification/EditProjectController.m; sourceTree = "<group>"; };
		189138911C10A6FB003B347A /* Group.h */ = {isa = PBXFileReference; fileEncoding = 4; lastKnownFileType = sourcecode.c.h; name = Group.h; path = Group/Entity/Group.h; sourceTree = "<group>"; };
		189138921C10A6FB003B347A /* Group.m */ = {isa = PBXFileReference; fileEncoding = 4; lastKnownFileType = sourcecode.c.objc; name = Group.m; path = Group/Entity/Group.m; sourceTree = "<group>"; };
		189138941C111890003B347A /* Person.h */ = {isa = PBXFileReference; fileEncoding = 4; lastKnownFileType = sourcecode.c.h; name = Person.h; path = Group/Entity/Person.h; sourceTree = "<group>"; };
		189138951C111890003B347A /* Person.m */ = {isa = PBXFileReference; fileEncoding = 4; lastKnownFileType = sourcecode.c.objc; name = Person.m; path = Group/Entity/Person.m; sourceTree = "<group>"; };
		189D2E391C05A105002A15D5 /* MyDDL.app */ = {isa = PBXFileReference; explicitFileType = wrapper.application; includeInIndex = 0; path = MyDDL.app; sourceTree = BUILT_PRODUCTS_DIR; };
		189D2E3D1C05A105002A15D5 /* main.m */ = {isa = PBXFileReference; lastKnownFileType = sourcecode.c.objc; path = main.m; sourceTree = "<group>"; };
		189D2E3F1C05A105002A15D5 /* AppDelegate.h */ = {isa = PBXFileReference; lastKnownFileType = sourcecode.c.h; path = AppDelegate.h; sourceTree = "<group>"; };
		189D2E401C05A105002A15D5 /* AppDelegate.m */ = {isa = PBXFileReference; lastKnownFileType = sourcecode.c.objc; path = AppDelegate.m; sourceTree = "<group>"; };
		189D2E4B1C05A105002A15D5 /* Base */ = {isa = PBXFileReference; lastKnownFileType = file.storyboard; name = Base; path = Base.lproj/LaunchScreen.storyboard; sourceTree = "<group>"; };
		189D2E4D1C05A105002A15D5 /* Info.plist */ = {isa = PBXFileReference; lastKnownFileType = text.plist.xml; path = Info.plist; sourceTree = "<group>"; };
		189D2E531C05A171002A15D5 /* DoneViewController.h */ = {isa = PBXFileReference; fileEncoding = 4; lastKnownFileType = sourcecode.c.h; path = DoneViewController.h; sourceTree = "<group>"; };
		189D2E541C05A171002A15D5 /* DoneViewController.m */ = {isa = PBXFileReference; fileEncoding = 4; lastKnownFileType = sourcecode.c.objc; path = DoneViewController.m; sourceTree = "<group>"; };
		189D2E591C05A171002A15D5 /* UndoneViewController.h */ = {isa = PBXFileReference; fileEncoding = 4; lastKnownFileType = sourcecode.c.h; path = UndoneViewController.h; sourceTree = "<group>"; };
		189D2E5A1C05A171002A15D5 /* UndoneViewController.m */ = {isa = PBXFileReference; fileEncoding = 4; lastKnownFileType = sourcecode.c.objc; path = UndoneViewController.m; sourceTree = "<group>"; };
		189D2EA21C05B42E002A15D5 /* CourseAndProjectTableViewController.h */ = {isa = PBXFileReference; fileEncoding = 4; lastKnownFileType = sourcecode.c.h; name = CourseAndProjectTableViewController.h; path = Me/CourseAndProjectTableViewController.h; sourceTree = "<group>"; };
		189D2EA31C05B42E002A15D5 /* CourseAndProjectTableViewController.m */ = {isa = PBXFileReference; fileEncoding = 4; lastKnownFileType = sourcecode.c.objc; name = CourseAndProjectTableViewController.m; path = Me/CourseAndProjectTableViewController.m; sourceTree = "<group>"; };
		189D2EA41C05B42E002A15D5 /* CourseTableViewController.h */ = {isa = PBXFileReference; fileEncoding = 4; lastKnownFileType = sourcecode.c.h; name = CourseTableViewController.h; path = Me/CourseTableViewController.h; sourceTree = "<group>"; };
		189D2EA51C05B42E002A15D5 /* CourseTableViewController.m */ = {isa = PBXFileReference; fileEncoding = 4; lastKnownFileType = sourcecode.c.objc; name = CourseTableViewController.m; path = Me/CourseTableViewController.m; sourceTree = "<group>"; };
		189D2EA61C05B42E002A15D5 /* MeTableViewController.h */ = {isa = PBXFileReference; fileEncoding = 4; lastKnownFileType = sourcecode.c.h; name = MeTableViewController.h; path = Me/MeTableViewController.h; sourceTree = "<group>"; };
		189D2EA71C05B42E002A15D5 /* MeTableViewController.m */ = {isa = PBXFileReference; fileEncoding = 4; lastKnownFileType = sourcecode.c.objc; name = MeTableViewController.m; path = Me/MeTableViewController.m; sourceTree = "<group>"; };
		189D2EA81C05B42E002A15D5 /* ProjectTableViewController.h */ = {isa = PBXFileReference; fileEncoding = 4; lastKnownFileType = sourcecode.c.h; name = ProjectTableViewController.h; path = Me/ProjectTableViewController.h; sourceTree = "<group>"; };
		189D2EA91C05B42E002A15D5 /* ProjectTableViewController.m */ = {isa = PBXFileReference; fileEncoding = 4; lastKnownFileType = sourcecode.c.objc; name = ProjectTableViewController.m; path = Me/ProjectTableViewController.m; sourceTree = "<group>"; };
		189D2EB21C07000A002A15D5 /* CourseAndProject.h */ = {isa = PBXFileReference; fileEncoding = 4; lastKnownFileType = sourcecode.c.h; name = CourseAndProject.h; path = Me/Entity/CourseAndProject.h; sourceTree = "<group>"; };
		189D2EB31C07000A002A15D5 /* CourseAndProject.m */ = {isa = PBXFileReference; fileEncoding = 4; lastKnownFileType = sourcecode.c.objc; name = CourseAndProject.m; path = Me/Entity/CourseAndProject.m; sourceTree = "<group>"; };
		189D2EB51C07001C002A15D5 /* Course.h */ = {isa = PBXFileReference; fileEncoding = 4; lastKnownFileType = sourcecode.c.h; name = Course.h; path = Me/Entity/Course.h; sourceTree = "<group>"; };
		189D2EB61C07001C002A15D5 /* Course.m */ = {isa = PBXFileReference; fileEncoding = 4; lastKnownFileType = sourcecode.c.objc; name = Course.m; path = Me/Entity/Course.m; sourceTree = "<group>"; };
		189D2EB81C070029002A15D5 /* Project.h */ = {isa = PBXFileReference; fileEncoding = 4; lastKnownFileType = sourcecode.c.h; name = Project.h; path = Me/Entity/Project.h; sourceTree = "<group>"; };
		189D2EB91C070029002A15D5 /* Project.m */ = {isa = PBXFileReference; fileEncoding = 4; lastKnownFileType = sourcecode.c.objc; name = Project.m; path = Me/Entity/Project.m; sourceTree = "<group>"; };
		189D2EBE1C072707002A15D5 /* Assets.xcassets */ = {isa = PBXFileReference; lastKnownFileType = folder.assetcatalog; path = Assets.xcassets; sourceTree = "<group>"; };
		189D2EC01C076356002A15D5 /* GroupDetailTableViewController.h */ = {isa = PBXFileReference; fileEncoding = 4; lastKnownFileType = sourcecode.c.h; name = GroupDetailTableViewController.h; path = Group/GroupDetailTableViewController.h; sourceTree = "<group>"; };
		189D2EC11C076356002A15D5 /* GroupDetailTableViewController.m */ = {isa = PBXFileReference; fileEncoding = 4; lastKnownFileType = sourcecode.c.objc; name = GroupDetailTableViewController.m; path = Group/GroupDetailTableViewController.m; sourceTree = "<group>"; };
		189D2EC31C076370002A15D5 /* GroupTableViewController.h */ = {isa = PBXFileReference; fileEncoding = 4; lastKnownFileType = sourcecode.c.h; name = GroupTableViewController.h; path = Group/GroupTableViewController.h; sourceTree = "<group>"; };
		189D2EC41C076370002A15D5 /* GroupTableViewController.m */ = {isa = PBXFileReference; fileEncoding = 4; lastKnownFileType = sourcecode.c.objc; name = GroupTableViewController.m; path = Group/GroupTableViewController.m; sourceTree = "<group>"; };
		189D2EC61C076F80002A15D5 /* CourseDetailTableViewController.h */ = {isa = PBXFileReference; fileEncoding = 4; lastKnownFileType = sourcecode.c.h; name = CourseDetailTableViewController.h; path = Me/CourseAndProjectDetail/CourseDetailTableViewController.h; sourceTree = "<group>"; };
		189D2EC71C076F80002A15D5 /* CourseDetailTableViewController.m */ = {isa = PBXFileReference; fileEncoding = 4; lastKnownFileType = sourcecode.c.objc; name = CourseDetailTableViewController.m; path = Me/CourseAndProjectDetail/CourseDetailTableViewController.m; sourceTree = "<group>"; };
		189D2EC91C0772C1002A15D5 /* ProjectDetailTableViewController.h */ = {isa = PBXFileReference; fileEncoding = 4; lastKnownFileType = sourcecode.c.h; name = ProjectDetailTableViewController.h; path = Me/CourseAndProjectDetail/ProjectDetailTableViewController.h; sourceTree = "<group>"; };
		189D2ECA1C0772C1002A15D5 /* ProjectDetailTableViewController.m */ = {isa = PBXFileReference; fileEncoding = 4; lastKnownFileType = sourcecode.c.objc; name = ProjectDetailTableViewController.m; path = Me/CourseAndProjectDetail/ProjectDetailTableViewController.m; sourceTree = "<group>"; };
		189D2ECC1C07FDD8002A15D5 /* CourseAndProjectDetailTableViewController.h */ = {isa = PBXFileReference; fileEncoding = 4; lastKnownFileType = sourcecode.c.h; name = CourseAndProjectDetailTableViewController.h; path = Me/CourseAndProjectDetail/CourseAndProjectDetailTableViewController.h; sourceTree = "<group>"; };
		189D2ECD1C07FDD8002A15D5 /* CourseAndProjectDetailTableViewController.m */ = {isa = PBXFileReference; fileEncoding = 4; lastKnownFileType = sourcecode.c.objc; name = CourseAndProjectDetailTableViewController.m; path = Me/CourseAndProjectDetail/CourseAndProjectDetailTableViewController.m; sourceTree = "<group>"; };
		18A4DA081C0C3944001CD648 /* AxisView.h */ = {isa = PBXFileReference; fileEncoding = 4; lastKnownFileType = sourcecode.c.h; path = AxisView.h; sourceTree = "<group>"; };
		18A4DA091C0C3944001CD648 /* AxisView.m */ = {isa = PBXFileReference; fileEncoding = 4; lastKnownFileType = sourcecode.c.objc; path = AxisView.m; sourceTree = "<group>"; };
		18A4DA0B1C0C434D001CD648 /* CreateDeadlineController.h */ = {isa = PBXFileReference; fileEncoding = 4; lastKnownFileType = sourcecode.c.h; path = CreateDeadlineController.h; sourceTree = "<group>"; };
		18A4DA0C1C0C434D001CD648 /* CreateDeadlineController.m */ = {isa = PBXFileReference; fileEncoding = 4; lastKnownFileType = sourcecode.c.objc; path = CreateDeadlineController.m; sourceTree = "<group>"; };
		18A4DA0E1C0C45A5001CD648 /* CreateCourseDeadlineController.h */ = {isa = PBXFileReference; fileEncoding = 4; lastKnownFileType = sourcecode.c.h; path = CreateCourseDeadlineController.h; sourceTree = "<group>"; };
		18A4DA0F1C0C45A5001CD648 /* CreateCourseDeadlineController.m */ = {isa = PBXFileReference; fileEncoding = 4; lastKnownFileType = sourcecode.c.objc; path = CreateCourseDeadlineController.m; sourceTree = "<group>"; };
		18A4DA111C0CB1B8001CD648 /* PointView.h */ = {isa = PBXFileReference; fileEncoding = 4; lastKnownFileType = sourcecode.c.h; path = PointView.h; sourceTree = "<group>"; };
		18A4DA121C0CB1B8001CD648 /* PointView.m */ = {isa = PBXFileReference; fileEncoding = 4; lastKnownFileType = sourcecode.c.objc; path = PointView.m; sourceTree = "<group>"; };
		18A4DA141C0CB645001CD648 /* Circle.h */ = {isa = PBXFileReference; fileEncoding = 4; lastKnownFileType = sourcecode.c.h; path = Circle.h; sourceTree = "<group>"; };
		18A4DA151C0CB645001CD648 /* Circle.m */ = {isa = PBXFileReference; fileEncoding = 4; lastKnownFileType = sourcecode.c.objc; path = Circle.m; sourceTree = "<group>"; };
		18A4DA171C0CE1D9001CD648 /* DeadlineDetailController.h */ = {isa = PBXFileReference; fileEncoding = 4; lastKnownFileType = sourcecode.c.h; path = DeadlineDetailController.h; sourceTree = "<group>"; };
		18A4DA181C0CE1D9001CD648 /* DeadlineDetailController.m */ = {isa = PBXFileReference; fileEncoding = 4; lastKnownFileType = sourcecode.c.objc; path = DeadlineDetailController.m; sourceTree = "<group>"; };
		18BAB9DD1C0CE79900B41D61 /* CreateProjectDeadlineController.h */ = {isa = PBXFileReference; fileEncoding = 4; lastKnownFileType = sourcecode.c.h; path = CreateProjectDeadlineController.h; sourceTree = "<group>"; };
		18BAB9DE1C0CE79900B41D61 /* CreateProjectDeadlineController.m */ = {isa = PBXFileReference; fileEncoding = 4; lastKnownFileType = sourcecode.c.objc; path = CreateProjectDeadlineController.m; sourceTree = "<group>"; };
		18BAB9E01C0CE8A500B41D61 /* DeadlineController.h */ = {isa = PBXFileReference; fileEncoding = 4; lastKnownFileType = sourcecode.c.h; path = DeadlineController.h; sourceTree = "<group>"; };
		18BAB9E11C0CE8A500B41D61 /* DeadlineController.m */ = {isa = PBXFileReference; fileEncoding = 4; lastKnownFileType = sourcecode.c.objc; path = DeadlineController.m; sourceTree = "<group>"; };
		18BAB9E31C0CEDC800B41D61 /* DeadlineModificationController.h */ = {isa = PBXFileReference; fileEncoding = 4; lastKnownFileType = sourcecode.c.h; path = DeadlineModificationController.h; sourceTree = "<group>"; };
		18BAB9E41C0CEDC800B41D61 /* DeadlineModificationController.m */ = {isa = PBXFileReference; fileEncoding = 4; lastKnownFileType = sourcecode.c.objc; path = DeadlineModificationController.m; sourceTree = "<group>"; };
		18BAB9E61C0CF00C00B41D61 /* EditDeadlineController.h */ = {isa = PBXFileReference; fileEncoding = 4; lastKnownFileType = sourcecode.c.h; path = EditDeadlineController.h; sourceTree = "<group>"; };
		18BAB9E71C0CF00C00B41D61 /* EditDeadlineController.m */ = {isa = PBXFileReference; fileEncoding = 4; lastKnownFileType = sourcecode.c.objc; path = EditDeadlineController.m; sourceTree = "<group>"; };
		18BAB9EF1C0CF20B00B41D61 /* SearchDeadlineController.h */ = {isa = PBXFileReference; fileEncoding = 4; lastKnownFileType = sourcecode.c.h; path = SearchDeadlineController.h; sourceTree = "<group>"; };
		18BAB9F01C0CF20B00B41D61 /* SearchDeadlineController.m */ = {isa = PBXFileReference; fileEncoding = 4; lastKnownFileType = sourcecode.c.objc; path = SearchDeadlineController.m; sourceTree = "<group>"; };
		18BAB9F21C0CFCAF00B41D61 /* LineView.h */ = {isa = PBXFileReference; fileEncoding = 4; lastKnownFileType = sourcecode.c.h; path = LineView.h; sourceTree = "<group>"; };
		18BAB9F31C0CFCAF00B41D61 /* LineView.m */ = {isa = PBXFileReference; fileEncoding = 4; lastKnownFileType = sourcecode.c.objc; path = LineView.m; sourceTree = "<group>"; };
		18BAB9F51C0D792E00B41D61 /* DeadlineModel.h */ = {isa = PBXFileReference; fileEncoding = 4; lastKnownFileType = sourcecode.c.h; path = DeadlineModel.h; sourceTree = "<group>"; };
		18BAB9F61C0D792E00B41D61 /* DeadlineModel.m */ = {isa = PBXFileReference; fileEncoding = 4; lastKnownFileType = sourcecode.c.objc; path = DeadlineModel.m; sourceTree = "<group>"; };
		18BAB9FA1C0D796600B41D61 /* Deadline.h */ = {isa = PBXFileReference; fileEncoding = 4; lastKnownFileType = sourcecode.c.h; path = Deadline.h; sourceTree = "<group>"; };
		18BAB9FB1C0D796600B41D61 /* Deadline.m */ = {isa = PBXFileReference; fileEncoding = 4; lastKnownFileType = sourcecode.c.objc; path = Deadline.m; sourceTree = "<group>"; };
		19FD0105F71C1C7F905E1A1F /* Pods.release.xcconfig */ = {isa = PBXFileReference; includeInIndex = 1; lastKnownFileType = text.xcconfig; name = Pods.release.xcconfig; path = "Pods/Target Support Files/Pods/Pods.release.xcconfig"; sourceTree = "<group>"; };
		C38C68421CBDFFA300932369 /* FilterViewController.h */ = {isa = PBXFileReference; fileEncoding = 4; lastKnownFileType = sourcecode.c.h; path = FilterViewController.h; sourceTree = "<group>"; };
		C38C68431CBDFFA300932369 /* FilterViewController.m */ = {isa = PBXFileReference; fileEncoding = 4; lastKnownFileType = sourcecode.c.objc; path = FilterViewController.m; sourceTree = "<group>"; };
		C3BDDE8C1CBE3A4600470886 /* DeadlineModificationController2.h */ = {isa = PBXFileReference; fileEncoding = 4; lastKnownFileType = sourcecode.c.h; path = DeadlineModificationController2.h; sourceTree = "<group>"; };
		C3BDDE8D1CBE3A4600470886 /* DeadlineModificationController2.m */ = {isa = PBXFileReference; fileEncoding = 4; lastKnownFileType = sourcecode.c.objc; path = DeadlineModificationController2.m; sourceTree = "<group>"; };
		C3BDDE8F1CC1BCFB00470886 /* DeleteDeadlineViewController.h */ = {isa = PBXFileReference; fileEncoding = 4; lastKnownFileType = sourcecode.c.h; path = DeleteDeadlineViewController.h; sourceTree = "<group>"; };
		C3BDDE901CC1BCFB00470886 /* DeleteDeadlineViewController.m */ = {isa = PBXFileReference; fileEncoding = 4; lastKnownFileType = sourcecode.c.objc; path = DeleteDeadlineViewController.m; sourceTree = "<group>"; };
		C3BDDE951CC6209700470886 /* CourseProjectModificationViewController.h */ = {isa = PBXFileReference; fileEncoding = 4; lastKnownFileType = sourcecode.c.h; path = CourseProjectModificationViewController.h; sourceTree = "<group>"; };
		C3BDDE961CC6209700470886 /* CourseProjectModificationViewController.m */ = {isa = PBXFileReference; fileEncoding = 4; lastKnownFileType = sourcecode.c.objc; path = CourseProjectModificationViewController.m; sourceTree = "<group>"; };
		C3BDDE981CC6253800470886 /* SettingViewController.h */ = {isa = PBXFileReference; fileEncoding = 4; lastKnownFileType = sourcecode.c.h; path = SettingViewController.h; sourceTree = "<group>"; };
		C3BDDE991CC6253800470886 /* SettingViewController.m */ = {isa = PBXFileReference; fileEncoding = 4; lastKnownFileType = sourcecode.c.objc; path = SettingViewController.m; sourceTree = "<group>"; };
		C3BDDE9C1CC7290600470886 /* DeadlineCell.h */ = {isa = PBXFileReference; fileEncoding = 4; lastKnownFileType = sourcecode.c.h; path = DeadlineCell.h; sourceTree = "<group>"; };
		C3BDDE9D1CC7290600470886 /* DeadlineCell.m */ = {isa = PBXFileReference; fileEncoding = 4; lastKnownFileType = sourcecode.c.objc; path = DeadlineCell.m; sourceTree = "<group>"; };
		C3BDDE9F1CC7298900470886 /* IntroCell.h */ = {isa = PBXFileReference; fileEncoding = 4; lastKnownFileType = sourcecode.c.h; path = IntroCell.h; sourceTree = "<group>"; };
		C3BDDEA01CC7298900470886 /* IntroCell.m */ = {isa = PBXFileReference; fileEncoding = 4; lastKnownFileType = sourcecode.c.objc; path = IntroCell.m; sourceTree = "<group>"; };
		C3BDDEA21CC730DE00470886 /* ImageDetailViewController.h */ = {isa = PBXFileReference; fileEncoding = 4; lastKnownFileType = sourcecode.c.h; path = ImageDetailViewController.h; sourceTree = "<group>"; };
		C3BDDEA31CC730DE00470886 /* ImageDetailViewController.m */ = {isa = PBXFileReference; fileEncoding = 4; lastKnownFileType = sourcecode.c.objc; path = ImageDetailViewController.m; sourceTree = "<group>"; };
		C3BDDEAB1CC7540600470886 /* DeadlineListViewController.h */ = {isa = PBXFileReference; fileEncoding = 4; lastKnownFileType = sourcecode.c.h; path = DeadlineListViewController.h; sourceTree = "<group>"; };
		C3BDDEAC1CC7540600470886 /* DeadlineListViewController.m */ = {isa = PBXFileReference; fileEncoding = 4; lastKnownFileType = sourcecode.c.objc; path = DeadlineListViewController.m; sourceTree = "<group>"; };
		C3BDDEAE1CC75A2500470886 /* UserDetailViewController.h */ = {isa = PBXFileReference; fileEncoding = 4; lastKnownFileType = sourcecode.c.h; path = UserDetailViewController.h; sourceTree = "<group>"; };
		C3BDDEAF1CC75A2500470886 /* UserDetailViewController.m */ = {isa = PBXFileReference; fileEncoding = 4; lastKnownFileType = sourcecode.c.objc; path = UserDetailViewController.m; sourceTree = "<group>"; };
		E23334C294643886EEACACFC /* Pods.debug.xcconfig */ = {isa = PBXFileReference; includeInIndex = 1; lastKnownFileType = text.xcconfig; name = Pods.debug.xcconfig; path = "Pods/Target Support Files/Pods/Pods.debug.xcconfig"; sourceTree = "<group>"; };
/* End PBXFileReference section */

/* Begin PBXFrameworksBuildPhase section */
		189D2E361C05A105002A15D5 /* Frameworks */ = {
			isa = PBXFrameworksBuildPhase;
			buildActionMask = 2147483647;
			files = (
				A5DF2BC994E337394C755CE3 /* libPods.a in Frameworks */,
			);
			runOnlyForDeploymentPostprocessing = 0;
		};
/* End PBXFrameworksBuildPhase section */

/* Begin PBXGroup section */
		0E0C6CEA96C25FA64124B2A9 /* Pods */ = {
			isa = PBXGroup;
			children = (
				E23334C294643886EEACACFC /* Pods.debug.xcconfig */,
				19FD0105F71C1C7F905E1A1F /* Pods.release.xcconfig */,
			);
			name = Pods;
			sourceTree = "<group>";
		};
		185C51DE1C09F3720034A88A /* CourseAndProjectModification */ = {
			isa = PBXGroup;
			children = (
				C3BDDE951CC6209700470886 /* CourseProjectModificationViewController.h */,
				C3BDDE961CC6209700470886 /* CourseProjectModificationViewController.m */,
				185C51E81C0A00110034A88A /* AddProjectController.h */,
				185C51E91C0A00110034A88A /* AddProjectController.m */,
				185C51EB1C0A00270034A88A /* EditProjectController.h */,
				185C51EC1C0A00270034A88A /* EditProjectController.m */,
				185C51E21C09F3B70034A88A /* AddCourseController.h */,
				185C51E31C09F3B70034A88A /* AddCourseController.m */,
				185C51E51C09FCE30034A88A /* EditCourseController.h */,
				185C51E61C09FCE30034A88A /* EditCourseController.m */,
			);
			name = CourseAndProjectModification;
			sourceTree = "<group>";
		};
		189138901C10A6DF003B347A /* Entity */ = {
			isa = PBXGroup;
			children = (
				189138911C10A6FB003B347A /* Group.h */,
				189138921C10A6FB003B347A /* Group.m */,
				189138941C111890003B347A /* Person.h */,
				189138951C111890003B347A /* Person.m */,
			);
			name = Entity;
			sourceTree = "<group>";
		};
		189D2E301C05A105002A15D5 = {
			isa = PBXGroup;
			children = (
				189D2E3B1C05A105002A15D5 /* MyDDL */,
				189D2E3A1C05A105002A15D5 /* Products */,
				0E0C6CEA96C25FA64124B2A9 /* Pods */,
				6E2DB064BD097DE5C64ECFA0 /* Frameworks */,
			);
			sourceTree = "<group>";
		};
		189D2E3A1C05A105002A15D5 /* Products */ = {
			isa = PBXGroup;
			children = (
				189D2E391C05A105002A15D5 /* MyDDL.app */,
			);
			name = Products;
			sourceTree = "<group>";
		};
		189D2E3B1C05A105002A15D5 /* MyDDL */ = {
			isa = PBXGroup;
			children = (
				C3BDDE9B1CC7288000470886 /* Cells */,
				18A4DA071C0C3914001CD648 /* DoneAndUndone */,
				189D2E861C05A671002A15D5 /* Util */,
				189D2E601C05A196002A15D5 /* Group */,
				189D2E5F1C05A18D002A15D5 /* Me */,
				189D2E3F1C05A105002A15D5 /* AppDelegate.h */,
				189D2E401C05A105002A15D5 /* AppDelegate.m */,
				18386BA81C0849AC00F44092 /* MainTabBarController.h */,
				18386BA91C0849AC00F44092 /* MainTabBarController.m */,
				18386BAB1C08B3A000F44092 /* LoginViewController.h */,
				18386BAC1C08B3A000F44092 /* LoginViewController.m */,
				189D2EBE1C072707002A15D5 /* Assets.xcassets */,
				189D2E4A1C05A105002A15D5 /* LaunchScreen.storyboard */,
				189D2E4D1C05A105002A15D5 /* Info.plist */,
				189D2E3C1C05A105002A15D5 /* Supporting Files */,
			);
			path = MyDDL;
			sourceTree = "<group>";
		};
		189D2E3C1C05A105002A15D5 /* Supporting Files */ = {
			isa = PBXGroup;
			children = (
				189D2E3D1C05A105002A15D5 /* main.m */,
			);
			name = "Supporting Files";
			sourceTree = "<group>";
		};
		189D2E5F1C05A18D002A15D5 /* Me */ = {
			isa = PBXGroup;
			children = (
				189D2EA61C05B42E002A15D5 /* MeTableViewController.h */,
				189D2EA71C05B42E002A15D5 /* MeTableViewController.m */,
				C3BDDE981CC6253800470886 /* SettingViewController.h */,
				C3BDDE991CC6253800470886 /* SettingViewController.m */,
				185C51DE1C09F3720034A88A /* CourseAndProjectModification */,
				189D2EBC1C0701C4002A15D5 /* CourseAndProjectDetail */,
				189D2EBD1C07047E002A15D5 /* Model */,
				189D2EBB1C0700E4002A15D5 /* SettingDetail */,
				189D2EB11C06FFB3002A15D5 /* Entity */,
				189D2EA21C05B42E002A15D5 /* CourseAndProjectTableViewController.h */,
				189D2EA31C05B42E002A15D5 /* CourseAndProjectTableViewController.m */,
				189D2EA41C05B42E002A15D5 /* CourseTableViewController.h */,
				189D2EA51C05B42E002A15D5 /* CourseTableViewController.m */,
				189D2EA81C05B42E002A15D5 /* ProjectTableViewController.h */,
				189D2EA91C05B42E002A15D5 /* ProjectTableViewController.m */,
			);
			name = Me;
			sourceTree = "<group>";
		};
		189D2E601C05A196002A15D5 /* Group */ = {
			isa = PBXGroup;
			children = (
				189138901C10A6DF003B347A /* Entity */,
				189D2EC31C076370002A15D5 /* GroupTableViewController.h */,
				189D2EC41C076370002A15D5 /* GroupTableViewController.m */,
				189D2EC01C076356002A15D5 /* GroupDetailTableViewController.h */,
				189D2EC11C076356002A15D5 /* GroupDetailTableViewController.m */,
				183246811C0AEE570002A61A /* CreateGroupController.h */,
				183246821C0AEE570002A61A /* CreateGroupController.m */,
				183246841C0AEF0C0002A61A /* JoinGroupController.h */,
				183246851C0AEF0C0002A61A /* JoinGroupController.m */,
				1832468A1C0AF4C00002A61A /* AddGroupMemberController.h */,
				1832468B1C0AF4C00002A61A /* AddGroupMemberController.m */,
				C3BDDEAE1CC75A2500470886 /* UserDetailViewController.h */,
				C3BDDEAF1CC75A2500470886 /* UserDetailViewController.m */,
			);
			name = Group;
			sourceTree = "<group>";
		};
		189D2E611C05A1A6002A15D5 /* Undone */ = {
			isa = PBXGroup;
			children = (
				189D2E591C05A171002A15D5 /* UndoneViewController.h */,
				189D2E5A1C05A171002A15D5 /* UndoneViewController.m */,
				18A4DA0B1C0C434D001CD648 /* CreateDeadlineController.h */,
				18A4DA0C1C0C434D001CD648 /* CreateDeadlineController.m */,
				18A4DA0E1C0C45A5001CD648 /* CreateCourseDeadlineController.h */,
				18A4DA0F1C0C45A5001CD648 /* CreateCourseDeadlineController.m */,
				18BAB9DD1C0CE79900B41D61 /* CreateProjectDeadlineController.h */,
				18BAB9DE1C0CE79900B41D61 /* CreateProjectDeadlineController.m */,
				18BAB9EF1C0CF20B00B41D61 /* SearchDeadlineController.h */,
				18BAB9F01C0CF20B00B41D61 /* SearchDeadlineController.m */,
				C38C68421CBDFFA300932369 /* FilterViewController.h */,
				C38C68431CBDFFA300932369 /* FilterViewController.m */,
			);
			name = Undone;
			sourceTree = "<group>";
		};
		189D2E621C05A1AD002A15D5 /* Done */ = {
			isa = PBXGroup;
			children = (
				189D2E531C05A171002A15D5 /* DoneViewController.h */,
				189D2E541C05A171002A15D5 /* DoneViewController.m */,
				C3BDDE8F1CC1BCFB00470886 /* DeleteDeadlineViewController.h */,
				C3BDDE901CC1BCFB00470886 /* DeleteDeadlineViewController.m */,
			);
			name = Done;
			sourceTree = "<group>";
		};
		189D2E861C05A671002A15D5 /* Util */ = {
			isa = PBXGroup;
			children = (
				18386BB11C08C83F00F44092 /* Information.h */,
				18386BB21C08C83F00F44092 /* Information.m */,
				18386BAE1C08BC4400F44092 /* Configuration.h */,
				18386BAF1C08BC4400F44092 /* Configuration.m */,
			);
			name = Util;
			sourceTree = "<group>";
		};
		189D2EB11C06FFB3002A15D5 /* Entity */ = {
			isa = PBXGroup;
			children = (
				189D2EB21C07000A002A15D5 /* CourseAndProject.h */,
				189D2EB31C07000A002A15D5 /* CourseAndProject.m */,
				189D2EB51C07001C002A15D5 /* Course.h */,
				189D2EB61C07001C002A15D5 /* Course.m */,
				189D2EB81C070029002A15D5 /* Project.h */,
				189D2EB91C070029002A15D5 /* Project.m */,
			);
			name = Entity;
			sourceTree = "<group>";
		};
		189D2EBB1C0700E4002A15D5 /* SettingDetail */ = {
			isa = PBXGroup;
			children = (
			);
			name = SettingDetail;
			sourceTree = "<group>";
		};
		189D2EBC1C0701C4002A15D5 /* CourseAndProjectDetail */ = {
			isa = PBXGroup;
			children = (
				189D2EC61C076F80002A15D5 /* CourseDetailTableViewController.h */,
				189D2EC71C076F80002A15D5 /* CourseDetailTableViewController.m */,
				189D2EC91C0772C1002A15D5 /* ProjectDetailTableViewController.h */,
				189D2ECA1C0772C1002A15D5 /* ProjectDetailTableViewController.m */,
				189D2ECC1C07FDD8002A15D5 /* CourseAndProjectDetailTableViewController.h */,
				189D2ECD1C07FDD8002A15D5 /* CourseAndProjectDetailTableViewController.m */,
			);
			name = CourseAndProjectDetail;
			sourceTree = "<group>";
		};
		189D2EBD1C07047E002A15D5 /* Model */ = {
			isa = PBXGroup;
			children = (
			);
			name = Model;
			sourceTree = "<group>";
		};
		18A4DA071C0C3914001CD648 /* DoneAndUndone */ = {
			isa = PBXGroup;
			children = (
				18BAB9F91C0D795300B41D61 /* Entity */,
				18BAB9F81C0D793F00B41D61 /* Model */,
				1832468D1C0B59370002A61A /* DeadlineView.h */,
				1832468E1C0B59370002A61A /* DeadlineView.m */,
				18A4DA081C0C3944001CD648 /* AxisView.h */,
				18A4DA091C0C3944001CD648 /* AxisView.m */,
				18BAB9F21C0CFCAF00B41D61 /* LineView.h */,
				18BAB9F31C0CFCAF00B41D61 /* LineView.m */,
				18A4DA111C0CB1B8001CD648 /* PointView.h */,
				18A4DA121C0CB1B8001CD648 /* PointView.m */,
				18A4DA141C0CB645001CD648 /* Circle.h */,
				18A4DA151C0CB645001CD648 /* Circle.m */,
				18A4DA171C0CE1D9001CD648 /* DeadlineDetailController.h */,
				18A4DA181C0CE1D9001CD648 /* DeadlineDetailController.m */,
				18BAB9E01C0CE8A500B41D61 /* DeadlineController.h */,
				18BAB9E11C0CE8A500B41D61 /* DeadlineController.m */,
				C3BDDE8C1CBE3A4600470886 /* DeadlineModificationController2.h */,
				C3BDDE8D1CBE3A4600470886 /* DeadlineModificationController2.m */,
				18BAB9E31C0CEDC800B41D61 /* DeadlineModificationController.h */,
				18BAB9E41C0CEDC800B41D61 /* DeadlineModificationController.m */,
				18BAB9E61C0CF00C00B41D61 /* EditDeadlineController.h */,
				18BAB9E71C0CF00C00B41D61 /* EditDeadlineController.m */,
				189D2E611C05A1A6002A15D5 /* Undone */,
				189D2E621C05A1AD002A15D5 /* Done */,
			);
			name = DoneAndUndone;
			sourceTree = "<group>";
		};
		18BAB9F81C0D793F00B41D61 /* Model */ = {
			isa = PBXGroup;
			children = (
				18BAB9F51C0D792E00B41D61 /* DeadlineModel.h */,
				18BAB9F61C0D792E00B41D61 /* DeadlineModel.m */,
			);
			name = Model;
			sourceTree = "<group>";
		};
		18BAB9F91C0D795300B41D61 /* Entity */ = {
			isa = PBXGroup;
			children = (
				18BAB9FA1C0D796600B41D61 /* Deadline.h */,
				18BAB9FB1C0D796600B41D61 /* Deadline.m */,
			);
			name = Entity;
			sourceTree = "<group>";
		};
		6E2DB064BD097DE5C64ECFA0 /* Frameworks */ = {
			isa = PBXGroup;
			children = (
				0614B55CD2387BAFD9CC2075 /* libPods.a */,
			);
			name = Frameworks;
			sourceTree = "<group>";
		};
		C3BDDE9B1CC7288000470886 /* Cells */ = {
			isa = PBXGroup;
			children = (
				C3BDDE9C1CC7290600470886 /* DeadlineCell.h */,
				C3BDDE9D1CC7290600470886 /* DeadlineCell.m */,
				C3BDDE9F1CC7298900470886 /* IntroCell.h */,
				C3BDDEA01CC7298900470886 /* IntroCell.m */,
				C3BDDEA21CC730DE00470886 /* ImageDetailViewController.h */,
				C3BDDEA31CC730DE00470886 /* ImageDetailViewController.m */,
				C3BDDEAB1CC7540600470886 /* DeadlineListViewController.h */,
				C3BDDEAC1CC7540600470886 /* DeadlineListViewController.m */,
			);
			name = Cells;
			path = ..;
			sourceTree = "<group>";
		};
/* End PBXGroup section */

/* Begin PBXNativeTarget section */
		189D2E381C05A105002A15D5 /* MyDDL */ = {
			isa = PBXNativeTarget;
			buildConfigurationList = 189D2E501C05A105002A15D5 /* Build configuration list for PBXNativeTarget "MyDDL" */;
			buildPhases = (
				0DD0085EC4AF39E65868A3C1 /* Check Pods Manifest.lock */,
				189D2E351C05A105002A15D5 /* Sources */,
				189D2E361C05A105002A15D5 /* Frameworks */,
				189D2E371C05A105002A15D5 /* Resources */,
				3EA82A9F9349DD5AB976A8A5 /* Embed Pods Frameworks */,
				462FB0DAFCA730120E26934B /* Copy Pods Resources */,
			);
			buildRules = (
			);
			dependencies = (
			);
			name = MyDDL;
			productName = MyDDL;
			productReference = 189D2E391C05A105002A15D5 /* MyDDL.app */;
			productType = "com.apple.product-type.application";
		};
/* End PBXNativeTarget section */

/* Begin PBXProject section */
		189D2E311C05A105002A15D5 /* Project object */ = {
			isa = PBXProject;
			attributes = {
				LastUpgradeCheck = 0710;
				ORGANIZATIONNAME = "柯瀚仰";
				TargetAttributes = {
					189D2E381C05A105002A15D5 = {
						CreatedOnToolsVersion = 7.1.1;
					};
				};
			};
			buildConfigurationList = 189D2E341C05A105002A15D5 /* Build configuration list for PBXProject "MyDDL" */;
			compatibilityVersion = "Xcode 3.2";
			developmentRegion = English;
			hasScannedForEncodings = 0;
			knownRegions = (
				en,
				Base,
			);
			mainGroup = 189D2E301C05A105002A15D5;
			productRefGroup = 189D2E3A1C05A105002A15D5 /* Products */;
			projectDirPath = "";
			projectRoot = "";
			targets = (
				189D2E381C05A105002A15D5 /* MyDDL */,
			);
		};
/* End PBXProject section */

/* Begin PBXResourcesBuildPhase section */
		189D2E371C05A105002A15D5 /* Resources */ = {
			isa = PBXResourcesBuildPhase;
			buildActionMask = 2147483647;
			files = (
				189D2EBF1C072707002A15D5 /* Assets.xcassets in Resources */,
				189D2E4C1C05A105002A15D5 /* LaunchScreen.storyboard in Resources */,
			);
			runOnlyForDeploymentPostprocessing = 0;
		};
/* End PBXResourcesBuildPhase section */

/* Begin PBXShellScriptBuildPhase section */
		0DD0085EC4AF39E65868A3C1 /* Check Pods Manifest.lock */ = {
			isa = PBXShellScriptBuildPhase;
			buildActionMask = 2147483647;
			files = (
			);
			inputPaths = (
			);
			name = "Check Pods Manifest.lock";
			outputPaths = (
			);
			runOnlyForDeploymentPostprocessing = 0;
			shellPath = /bin/sh;
			shellScript = "diff \"${PODS_ROOT}/../Podfile.lock\" \"${PODS_ROOT}/Manifest.lock\" > /dev/null\nif [[ $? != 0 ]] ; then\n    cat << EOM\nerror: The sandbox is not in sync with the Podfile.lock. Run 'pod install' or update your CocoaPods installation.\nEOM\n    exit 1\nfi\n";
			showEnvVarsInLog = 0;
		};
		3EA82A9F9349DD5AB976A8A5 /* Embed Pods Frameworks */ = {
			isa = PBXShellScriptBuildPhase;
			buildActionMask = 2147483647;
			files = (
			);
			inputPaths = (
			);
			name = "Embed Pods Frameworks";
			outputPaths = (
			);
			runOnlyForDeploymentPostprocessing = 0;
			shellPath = /bin/sh;
			shellScript = "\"${SRCROOT}/Pods/Target Support Files/Pods/Pods-frameworks.sh\"\n";
			showEnvVarsInLog = 0;
		};
		462FB0DAFCA730120E26934B /* Copy Pods Resources */ = {
			isa = PBXShellScriptBuildPhase;
			buildActionMask = 2147483647;
			files = (
			);
			inputPaths = (
			);
			name = "Copy Pods Resources";
			outputPaths = (
			);
			runOnlyForDeploymentPostprocessing = 0;
			shellPath = /bin/sh;
			shellScript = "\"${SRCROOT}/Pods/Target Support Files/Pods/Pods-resources.sh\"\n";
			showEnvVarsInLog = 0;
		};
/* End PBXShellScriptBuildPhase section */

/* Begin PBXSourcesBuildPhase section */
		189D2E351C05A105002A15D5 /* Sources */ = {
			isa = PBXSourcesBuildPhase;
			buildActionMask = 2147483647;
			files = (
				189D2E411C05A105002A15D5 /* AppDelegate.m in Sources */,
				1832468F1C0B59370002A61A /* DeadlineView.m in Sources */,
				185C51EA1C0A00110034A88A /* AddProjectController.m in Sources */,
				18A4DA0D1C0C434D001CD648 /* CreateDeadlineController.m in Sources */,
				183246831C0AEE570002A61A /* CreateGroupController.m in Sources */,
				189D2EB71C07001C002A15D5 /* Course.m in Sources */,
				189D2ECB1C0772C1002A15D5 /* ProjectDetailTableViewController.m in Sources */,
				18386BB31C08C83F00F44092 /* Information.m in Sources */,
				185C51ED1C0A00270034A88A /* EditProjectController.m in Sources */,
				189D2E5B1C05A171002A15D5 /* DoneViewController.m in Sources */,
				18BAB9F11C0CF20B00B41D61 /* SearchDeadlineController.m in Sources */,
				18BAB9F41C0CFCAF00B41D61 /* LineView.m in Sources */,
				18A4DA191C0CE1D9001CD648 /* DeadlineDetailController.m in Sources */,
				C3BDDE8E1CBE3A4600470886 /* DeadlineModificationController2.m in Sources */,
				C3BDDE911CC1BCFB00470886 /* DeleteDeadlineViewController.m in Sources */,
				18386BAD1C08B3A000F44092 /* LoginViewController.m in Sources */,
				C3BDDEB01CC75A2500470886 /* UserDetailViewController.m in Sources */,
				183246861C0AEF0C0002A61A /* JoinGroupController.m in Sources */,
				C3BDDEAD1CC7540600470886 /* DeadlineListViewController.m in Sources */,
				18BAB9E21C0CE8A500B41D61 /* DeadlineController.m in Sources */,
				185C51E71C09FCE30034A88A /* EditCourseController.m in Sources */,
				18A4DA131C0CB1B8001CD648 /* PointView.m in Sources */,
				18BAB9DF1C0CE79900B41D61 /* CreateProjectDeadlineController.m in Sources */,
				189D2EBA1C070029002A15D5 /* Project.m in Sources */,
				C38C68441CBDFFA300932369 /* FilterViewController.m in Sources */,
				C3BDDEA11CC7298900470886 /* IntroCell.m in Sources */,
				18386BB01C08BC4400F44092 /* Configuration.m in Sources */,
				18BAB9F71C0D792E00B41D61 /* DeadlineModel.m in Sources */,
				189D2EC81C076F80002A15D5 /* CourseDetailTableViewController.m in Sources */,
				189D2EB41C07000A002A15D5 /* CourseAndProject.m in Sources */,
				189D2E3E1C05A105002A15D5 /* main.m in Sources */,
				C3BDDE971CC6209700470886 /* CourseProjectModificationViewController.m in Sources */,
				189D2ECE1C07FDD8002A15D5 /* CourseAndProjectDetailTableViewController.m in Sources */,
				189138931C10A6FB003B347A /* Group.m in Sources */,
				18A4DA161C0CB645001CD648 /* Circle.m in Sources */,
				1832468C1C0AF4C00002A61A /* AddGroupMemberController.m in Sources */,
				C3BDDE9E1CC7290600470886 /* DeadlineCell.m in Sources */,
				189D2EC51C076370002A15D5 /* GroupTableViewController.m in Sources */,
				18BAB9E51C0CEDC800B41D61 /* DeadlineModificationController.m in Sources */,
				18386BAA1C0849AC00F44092 /* MainTabBarController.m in Sources */,
				185C51E41C09F3B70034A88A /* AddCourseController.m in Sources */,
				189D2EAC1C05B42E002A15D5 /* CourseAndProjectTableViewController.m in Sources */,
				C3BDDE9A1CC6253800470886 /* SettingViewController.m in Sources */,
				189D2EAD1C05B42E002A15D5 /* CourseTableViewController.m in Sources */,
				18A4DA0A1C0C3944001CD648 /* AxisView.m in Sources */,
				189D2EAF1C05B42E002A15D5 /* ProjectTableViewController.m in Sources */,
				18BAB9E81C0CF00C00B41D61 /* EditDeadlineController.m in Sources */,
				189D2EC21C076356002A15D5 /* GroupDetailTableViewController.m in Sources */,
				189D2EAE1C05B42E002A15D5 /* MeTableViewController.m in Sources */,
				C3BDDEA41CC730DE00470886 /* ImageDetailViewController.m in Sources */,
				18A4DA101C0C45A5001CD648 /* CreateCourseDeadlineController.m in Sources */,
				189D2E5E1C05A171002A15D5 /* UndoneViewController.m in Sources */,
				189138961C111890003B347A /* Person.m in Sources */,
				18BAB9FC1C0D796600B41D61 /* Deadline.m in Sources */,
			);
			runOnlyForDeploymentPostprocessing = 0;
		};
/* End PBXSourcesBuildPhase section */

/* Begin PBXVariantGroup section */
		189D2E4A1C05A105002A15D5 /* LaunchScreen.storyboard */ = {
			isa = PBXVariantGroup;
			children = (
				189D2E4B1C05A105002A15D5 /* Base */,
			);
			name = LaunchScreen.storyboard;
			sourceTree = "<group>";
		};
/* End PBXVariantGroup section */

/* Begin XCBuildConfiguration section */
		189D2E4E1C05A105002A15D5 /* Debug */ = {
			isa = XCBuildConfiguration;
			buildSettings = {
				ALWAYS_SEARCH_USER_PATHS = NO;
				CLANG_CXX_LANGUAGE_STANDARD = "gnu++0x";
				CLANG_CXX_LIBRARY = "libc++";
				CLANG_ENABLE_MODULES = YES;
				CLANG_ENABLE_OBJC_ARC = YES;
				CLANG_WARN_BOOL_CONVERSION = YES;
				CLANG_WARN_CONSTANT_CONVERSION = YES;
				CLANG_WARN_DIRECT_OBJC_ISA_USAGE = YES_ERROR;
				CLANG_WARN_EMPTY_BODY = YES;
				CLANG_WARN_ENUM_CONVERSION = YES;
				CLANG_WARN_INT_CONVERSION = YES;
				CLANG_WARN_OBJC_ROOT_CLASS = YES_ERROR;
				CLANG_WARN_UNREACHABLE_CODE = YES;
				CLANG_WARN__DUPLICATE_METHOD_MATCH = YES;
				"CODE_SIGN_IDENTITY[sdk=iphoneos*]" = "iPhone Developer";
				COPY_PHASE_STRIP = NO;
				DEBUG_INFORMATION_FORMAT = dwarf;
				ENABLE_STRICT_OBJC_MSGSEND = YES;
				ENABLE_TESTABILITY = YES;
				GCC_C_LANGUAGE_STANDARD = gnu99;
				GCC_DYNAMIC_NO_PIC = NO;
				GCC_NO_COMMON_BLOCKS = YES;
				GCC_OPTIMIZATION_LEVEL = 0;
				GCC_PREPROCESSOR_DEFINITIONS = (
					"DEBUG=1",
					"$(inherited)",
				);
				GCC_WARN_64_TO_32_BIT_CONVERSION = YES;
				GCC_WARN_ABOUT_RETURN_TYPE = YES_ERROR;
				GCC_WARN_UNDECLARED_SELECTOR = YES;
				GCC_WARN_UNINITIALIZED_AUTOS = YES_AGGRESSIVE;
				GCC_WARN_UNUSED_FUNCTION = YES;
				GCC_WARN_UNUSED_VARIABLE = YES;
				IPHONEOS_DEPLOYMENT_TARGET = 9.1;
				MTL_ENABLE_DEBUG_INFO = YES;
				ONLY_ACTIVE_ARCH = YES;
				SDKROOT = iphoneos;
			};
			name = Debug;
		};
		189D2E4F1C05A105002A15D5 /* Release */ = {
			isa = XCBuildConfiguration;
			buildSettings = {
				ALWAYS_SEARCH_USER_PATHS = NO;
				CLANG_CXX_LANGUAGE_STANDARD = "gnu++0x";
				CLANG_CXX_LIBRARY = "libc++";
				CLANG_ENABLE_MODULES = YES;
				CLANG_ENABLE_OBJC_ARC = YES;
				CLANG_WARN_BOOL_CONVERSION = YES;
				CLANG_WARN_CONSTANT_CONVERSION = YES;
				CLANG_WARN_DIRECT_OBJC_ISA_USAGE = YES_ERROR;
				CLANG_WARN_EMPTY_BODY = YES;
				CLANG_WARN_ENUM_CONVERSION = YES;
				CLANG_WARN_INT_CONVERSION = YES;
				CLANG_WARN_OBJC_ROOT_CLASS = YES_ERROR;
				CLANG_WARN_UNREACHABLE_CODE = YES;
				CLANG_WARN__DUPLICATE_METHOD_MATCH = YES;
				"CODE_SIGN_IDENTITY[sdk=iphoneos*]" = "iPhone Developer";
				COPY_PHASE_STRIP = NO;
				DEBUG_INFORMATION_FORMAT = "dwarf-with-dsym";
				ENABLE_NS_ASSERTIONS = NO;
				ENABLE_STRICT_OBJC_MSGSEND = YES;
				GCC_C_LANGUAGE_STANDARD = gnu99;
				GCC_NO_COMMON_BLOCKS = YES;
				GCC_WARN_64_TO_32_BIT_CONVERSION = YES;
				GCC_WARN_ABOUT_RETURN_TYPE = YES_ERROR;
				GCC_WARN_UNDECLARED_SELECTOR = YES;
				GCC_WARN_UNINITIALIZED_AUTOS = YES_AGGRESSIVE;
				GCC_WARN_UNUSED_FUNCTION = YES;
				GCC_WARN_UNUSED_VARIABLE = YES;
				IPHONEOS_DEPLOYMENT_TARGET = 9.1;
				MTL_ENABLE_DEBUG_INFO = NO;
				SDKROOT = iphoneos;
				VALIDATE_PRODUCT = YES;
			};
			name = Release;
		};
		189D2E511C05A105002A15D5 /* Debug */ = {
			isa = XCBuildConfiguration;
			baseConfigurationReference = E23334C294643886EEACACFC /* Pods.debug.xcconfig */;
			buildSettings = {
				ASSETCATALOG_COMPILER_APPICON_NAME = AppIcon;
				INFOPLIST_FILE = MyDDL/Info.plist;
				IPHONEOS_DEPLOYMENT_TARGET = 9.0;
				LD_RUNPATH_SEARCH_PATHS = "$(inherited) @executable_path/Frameworks";
				PRODUCT_BUNDLE_IDENTIFIER = org.myddl.MyDDL;
				PRODUCT_NAME = "$(TARGET_NAME)";
			};
			name = Debug;
		};
		189D2E521C05A105002A15D5 /* Release */ = {
			isa = XCBuildConfiguration;
			baseConfigurationReference = 19FD0105F71C1C7F905E1A1F /* Pods.release.xcconfig */;
			buildSettings = {
				ASSETCATALOG_COMPILER_APPICON_NAME = AppIcon;
				INFOPLIST_FILE = MyDDL/Info.plist;
				IPHONEOS_DEPLOYMENT_TARGET = 9.0;
				LD_RUNPATH_SEARCH_PATHS = "$(inherited) @executable_path/Frameworks";
				PRODUCT_BUNDLE_IDENTIFIER = org.myddl.MyDDL;
				PRODUCT_NAME = "$(TARGET_NAME)";
			};
			name = Release;
		};
/* End XCBuildConfiguration section */

/* Begin XCConfigurationList section */
		189D2E341C05A105002A15D5 /* Build configuration list for PBXProject "MyDDL" */ = {
			isa = XCConfigurationList;
			buildConfigurations = (
				189D2E4E1C05A105002A15D5 /* Debug */,
				189D2E4F1C05A105002A15D5 /* Release */,
			);
			defaultConfigurationIsVisible = 0;
			defaultConfigurationName = Release;
		};
		189D2E501C05A105002A15D5 /* Build configuration list for PBXNativeTarget "MyDDL" */ = {
			isa = XCConfigurationList;
			buildConfigurations = (
				189D2E511C05A105002A15D5 /* Debug */,
				189D2E521C05A105002A15D5 /* Release */,
			);
			defaultConfigurationIsVisible = 0;
			defaultConfigurationName = Release;
		};
/* End XCConfigurationList section */
	};
	rootObject = 189D2E311C05A105002A15D5 /* Project object */;
}
